
Microsoft Visual Studio Solution File, Format Version 12.00
# Visual Studio Version 16
VisualStudioVersion = 16.0.30204.135
MinimumVisualStudioVersion = 10.0.40219.1
Project("{FAE04EC0-301F-11D3-BF4B-00C04F79EFBC}") = "HelloWorld6", "HelloWorld6\HelloWorld6.csproj", "{B490F75C-5F4E-4091-BB87-B29107521FF5}"
EndProject
Project("{FAE04EC0-301F-11D3-BF4B-00C04F79EFBC}") = "HelloWorldOkienkowa3", "HelloWorldOkienkowa3\HelloWorldOkienkowa3.csproj", "{9F00EB0C-BE00-46A3-902E-8B5F7E5801BD}"
EndProject
Project("{FAE04EC0-301F-11D3-BF4B-00C04F79EFBC}") = "DodajDwieLiczby3", "DodajDwieLiczby3\DodajDwieLiczby3.csproj", "{F5C13A07-55B2-4FF1-BD72-92DD8E18DF7C}"
EndProject
Global
	GlobalSection(SolutionConfigurationPlatforms) = preSolution
		Debug|Any CPU = Debug|Any CPU
		Release|Any CPU = Release|Any CPU
	EndGlobalSection
	GlobalSection(ProjectConfigurationPlatforms) = postSolution
		{B490F75C-5F4E-4091-BB87-B29107521FF5}.Debug|Any CPU.ActiveCfg = Debug|Any CPU
		{B490F75C-5F4E-4091-BB87-B29107521FF5}.Debug|Any CPU.Build.0 = Debug|Any CPU
		{B490F75C-5F4E-4091-BB87-B29107521FF5}.Release|Any CPU.ActiveCfg = Release|Any CPU
		{B490F75C-5F4E-4091-BB87-B29107521FF5}.Release|Any CPU.Build.0 = Release|Any CPU
		{9F00EB0C-BE00-46A3-902E-8B5F7E5801BD}.Debug|Any CPU.ActiveCfg = Debug|Any CPU
		{9F00EB0C-BE00-46A3-902E-8B5F7E5801BD}.Debug|Any CPU.Build.0 = Debug|Any CPU
		{9F00EB0C-BE00-46A3-902E-8B5F7E5801BD}.Release|Any CPU.ActiveCfg = Release|Any CPU
		{9F00EB0C-BE00-46A3-902E-8B5F7E5801BD}.Release|Any CPU.Build.0 = Release|Any CPU
		{F5C13A07-55B2-4FF1-BD72-92DD8E18DF7C}.Debug|Any CPU.ActiveCfg = Debug|Any CPU
		{F5C13A07-55B2-4FF1-BD72-92DD8E18DF7C}.Debug|Any CPU.Build.0 = Debug|Any CPU
		{F5C13A07-55B2-4FF1-BD72-92DD8E18DF7C}.Release|Any CPU.ActiveCfg = Release|Any CPU
		{F5C13A07-55B2-4FF1-BD72-92DD8E18DF7C}.Release|Any CPU.Build.0 = Release|Any CPU
	EndGlobalSection
	GlobalSection(SolutionProperties) = preSolution
		HideSolutionNode = FALSE
	EndGlobalSection
	GlobalSection(ExtensibilityGlobals) = postSolution
		SolutionGuid = {C6C69610-1B83-4CD0-93C8-441AECE7A89F}
	EndGlobalSection
EndGlobal
